dependencies:
- name: postgresql
  repository: oci://registry-1.docker.io/bitnamicharts
  version: 16.4.9
- name: valkey
  repository: oci://registry-1.docker.io/bitnamicharts
  version: 2.2.4
digest: sha256:28d343e1aa714ee58c72ef16adba0ba062f34adb9b4003a3eb2b0d9bef4684cc
generated: "2025-10-20T14:50:50.647988-07:00"
